
Microsoft Visual Studio Solution File, Format Version 12.00
# Visual Studio Version 16
VisualStudioVersion = 16.0.30517.126
MinimumVisualStudioVersion = 10.0.40219.1
Project("{FAE04EC0-301F-11D3-BF4B-00C04F79EFBC}") = "CW6 - Databasees", "CW6 - Databasees\CW6 - Databasees.csproj", "{E4E07CBC-C78B-4553-9556-4E624C937190}"
EndProject
Global
	GlobalSection(SolutionConfigurationPlatforms) = preSolution
		Debug|Any CPU = Debug|Any CPU
		Release|Any CPU = Release|Any CPU
	EndGlobalSection
	GlobalSection(ProjectConfigurationPlatforms) = postSolution
		{E4E07CBC-C78B-4553-9556-4E624C937190}.Debug|Any CPU.ActiveCfg = Debug|Any CPU
		{E4E07CBC-C78B-4553-9556-4E624C937190}.Debug|Any CPU.Build.0 = Debug|Any CPU
		{E4E07CBC-C78B-4553-9556-4E624C937190}.Release|Any CPU.ActiveCfg = Release|Any CPU
		{E4E07CBC-C78B-4553-9556-4E624C937190}.Release|Any CPU.Build.0 = Release|Any CPU
	EndGlobalSection
	GlobalSection(SolutionProperties) = preSolution
		HideSolutionNode = FALSE
	EndGlobalSection
	GlobalSection(ExtensibilityGlobals) = postSolution
		SolutionGuid = {4052D282-1F04-4144-B541-A1AF3A7A174A}
	EndGlobalSection
EndGlobal
